
Microsoft Visual Studio Solution File, Format Version 12.00
# Visual Studio Version 16
VisualStudioVersion = 16.0.31624.102
MinimumVisualStudioVersion = 10.0.40219.1
Project("{9A19103F-16F7-4668-BE54-9A1E7A4F7556}") = "ServingSystem", "ServingSystem\ServingSystem.csproj", "{3A7A8A1C-9466-44E0-B2D6-0D5FF5474064}"
EndProject
Project("{9A19103F-16F7-4668-BE54-9A1E7A4F7556}") = "DataLayer", "DataLayer\DataLayer.csproj", "{611EF447-000E-44E4-AE4E-77FFF44A4B78}"
EndProject
Project("{9A19103F-16F7-4668-BE54-9A1E7A4F7556}") = "BusinessLayer", "LogicLayer\BusinessLayer.csproj", "{6FB71341-1F0C-412F-A85A-B041A87AEB56}"
EndProject
Project("{9A19103F-16F7-4668-BE54-9A1E7A4F7556}") = "InterfaceLayer", "InterfaceLayer\InterfaceLayer.csproj", "{6B20D243-E868-4951-9A51-EA24044458EB}"
EndProject
Project("{FAE04EC0-301F-11D3-BF4B-00C04F79EFBC}") = "ConsoleApp1", "ConsoleApp1\ConsoleApp1.csproj", "{47FCDED7-D78F-48D0-9A0F-69B4A16CDD21}"
EndProject
Global
	GlobalSection(SolutionConfigurationPlatforms) = preSolution
		Debug|Any CPU = Debug|Any CPU
		Release|Any CPU = Release|Any CPU
	EndGlobalSection
	GlobalSection(ProjectConfigurationPlatforms) = postSolution
		{3A7A8A1C-9466-44E0-B2D6-0D5FF5474064}.Debug|Any CPU.ActiveCfg = Debug|Any CPU
		{3A7A8A1C-9466-44E0-B2D6-0D5FF5474064}.Debug|Any CPU.Build.0 = Debug|Any CPU
		{3A7A8A1C-9466-44E0-B2D6-0D5FF5474064}.Release|Any CPU.ActiveCfg = Release|Any CPU
		{3A7A8A1C-9466-44E0-B2D6-0D5FF5474064}.Release|Any CPU.Build.0 = Release|Any CPU
		{611EF447-000E-44E4-AE4E-77FFF44A4B78}.Debug|Any CPU.ActiveCfg = Debug|Any CPU
		{611EF447-000E-44E4-AE4E-77FFF44A4B78}.Debug|Any CPU.Build.0 = Debug|Any CPU
		{611EF447-000E-44E4-AE4E-77FFF44A4B78}.Release|Any CPU.ActiveCfg = Release|Any CPU
		{611EF447-000E-44E4-AE4E-77FFF44A4B78}.Release|Any CPU.Build.0 = Release|Any CPU
		{6FB71341-1F0C-412F-A85A-B041A87AEB56}.Debug|Any CPU.ActiveCfg = Debug|Any CPU
		{6FB71341-1F0C-412F-A85A-B041A87AEB56}.Debug|Any CPU.Build.0 = Debug|Any CPU
		{6FB71341-1F0C-412F-A85A-B041A87AEB56}.Release|Any CPU.ActiveCfg = Release|Any CPU
		{6FB71341-1F0C-412F-A85A-B041A87AEB56}.Release|Any CPU.Build.0 = Release|Any CPU
		{6B20D243-E868-4951-9A51-EA24044458EB}.Debug|Any CPU.ActiveCfg = Debug|Any CPU
		{6B20D243-E868-4951-9A51-EA24044458EB}.Debug|Any CPU.Build.0 = Debug|Any CPU
		{6B20D243-E868-4951-9A51-EA24044458EB}.Release|Any CPU.ActiveCfg = Release|Any CPU
		{6B20D243-E868-4951-9A51-EA24044458EB}.Release|Any CPU.Build.0 = Release|Any CPU
		{47FCDED7-D78F-48D0-9A0F-69B4A16CDD21}.Debug|Any CPU.ActiveCfg = Debug|Any CPU
		{47FCDED7-D78F-48D0-9A0F-69B4A16CDD21}.Debug|Any CPU.Build.0 = Debug|Any CPU
		{47FCDED7-D78F-48D0-9A0F-69B4A16CDD21}.Release|Any CPU.ActiveCfg = Release|Any CPU
		{47FCDED7-D78F-48D0-9A0F-69B4A16CDD21}.Release|Any CPU.Build.0 = Release|Any CPU
	EndGlobalSection
	GlobalSection(SolutionProperties) = preSolution
		HideSolutionNode = FALSE
	EndGlobalSection
	GlobalSection(ExtensibilityGlobals) = postSolution
		SolutionGuid = {C20744DB-03E6-411D-A8B4-C1AD94164777}
	EndGlobalSection
EndGlobal
